{
    __meta__ = {
        version = "1.0"
    },
    ["windows|x64"] = {
        ["dirent#31fecfc4"] = {
            repo = {
                branch = "master",
                commit = "b648eb6949d6e45754f860e1c6db6898f515fdc2",
                url = "https://gitlab.com/tboox/xmake-repo.git"
            },
            version = "1.25"
        },
        ["imgui#31fecfc4"] = {
            repo = {
                branch = "master",
                commit = "b648eb6949d6e45754f860e1c6db6898f515fdc2",
                url = "https://gitlab.com/tboox/xmake-repo.git"
            },
            version = "v1.91.9"
        },
        ["imgui#3a3f2c8a"] = {
            repo = {
                branch = "master",
                commit = "b648eb6949d6e45754f860e1c6db6898f515fdc2",
                url = "https://gitlab.com/tboox/xmake-repo.git"
            },
            version = "v1.91.9"
        },
        ["imgui-file-dialog#c806eb3e"] = {
            repo = {
                url = "repo"
            },
            version = "v0.6.7"
        },
        ["nlohmann_json#31fecfc4"] = {
            repo = {
                branch = "master",
                commit = "b648eb6949d6e45754f860e1c6db6898f515fdc2",
                url = "https://gitlab.com/tboox/xmake-repo.git"
            },
            version = "v3.12.0"
        }
    }
}